// !$*UTF8*$!
{
	archiveVersion = 1;
	classes = {
	};
	objectVersion = 46;
	objects = {

/* Begin PBXBuildFile section */
		C8205B9E1A9A5A2B00F98E95 /* DargableView.m in Sources */ = {isa = PBXBuildFile; fileRef = C8205B9D1A9A5A2B00F98E95 /* DargableView.m */; };
		C8413A4C1A988DFB00D69CEE /* Foundation.framework in Frameworks */ = {isa = PBXBuildFile; fileRef = C8413A4B1A988DFB00D69CEE /* Foundation.framework */; };
		C8413A4E1A988DFB00D69CEE /* CoreGraphics.framework in Frameworks */ = {isa = PBXBuildFile; fileRef = C8413A4D1A988DFB00D69CEE /* CoreGraphics.framework */; };
		C8413A501A988DFB00D69CEE /* UIKit.framework in Frameworks */ = {isa = PBXBuildFile; fileRef = C8413A4F1A988DFB00D69CEE /* UIKit.framework */; };
		C8413A561A988DFB00D69CEE /* InfoPlist.strings in Resources */ = {isa = PBXBuildFile; fileRef = C8413A541A988DFB00D69CEE /* InfoPlist.strings */; };
		C8413A581A988DFB00D69CEE /* main.m in Sources */ = {isa = PBXBuildFile; fileRef = C8413A571A988DFB00D69CEE /* main.m */; };
		C8413A5C1A988DFB00D69CEE /* RankThisAppDelegate.m in Sources */ = {isa = PBXBuildFile; fileRef = C8413A5B1A988DFB00D69CEE /* RankThisAppDelegate.m */; };
		C8413A5F1A988DFB00D69CEE /* Main.storyboard in Resources */ = {isa = PBXBuildFile; fileRef = C8413A5D1A988DFB00D69CEE /* Main.storyboard */; };
		C8413A621A988DFB00D69CEE /* RankThisViewController.m in Sources */ = {isa = PBXBuildFile; fileRef = C8413A611A988DFB00D69CEE /* RankThisViewController.m */; };
		C8413A641A988DFB00D69CEE /* Images.xcassets in Resources */ = {isa = PBXBuildFile; fileRef = C8413A631A988DFB00D69CEE /* Images.xcassets */; };
		C8413A6B1A988DFB00D69CEE /* XCTest.framework in Frameworks */ = {isa = PBXBuildFile; fileRef = C8413A6A1A988DFB00D69CEE /* XCTest.framework */; };
		C8413A6C1A988DFB00D69CEE /* Foundation.framework in Frameworks */ = {isa = PBXBuildFile; fileRef = C8413A4B1A988DFB00D69CEE /* Foundation.framework */; };
		C8413A6D1A988DFB00D69CEE /* UIKit.framework in Frameworks */ = {isa = PBXBuildFile; fileRef = C8413A4F1A988DFB00D69CEE /* UIKit.framework */; };
		C8413A751A988DFB00D69CEE /* InfoPlist.strings in Resources */ = {isa = PBXBuildFile; fileRef = C8413A731A988DFB00D69CEE /* InfoPlist.strings */; };
		C8413A771A988DFB00D69CEE /* RankThisTests.m in Sources */ = {isa = PBXBuildFile; fileRef = C8413A761A988DFB00D69CEE /* RankThisTests.m */; };
		C8413A821A988EB900D69CEE /* BarContainer.m in Sources */ = {isa = PBXBuildFile; fileRef = C8413A811A988EB900D69CEE /* BarContainer.m */; };
		C84FF7701A99F6B200F7CE95 /* Alternative.m in Sources */ = {isa = PBXBuildFile; fileRef = C84FF76F1A99F6B200F7CE95 /* Alternative.m */; };
		C84FF7731A99F72000F7CE95 /* Question.m in Sources */ = {isa = PBXBuildFile; fileRef = C84FF7721A99F72000F7CE95 /* Question.m */; };
		C84FF7761A99F7DE00F7CE95 /* QnA_Factory.m in Sources */ = {isa = PBXBuildFile; fileRef = C84FF7751A99F7DE00F7CE95 /* QnA_Factory.m */; };
		C8C598021AD522A30066E240 /* Color_Factory.m in Sources */ = {isa = PBXBuildFile; fileRef = C8C598011AD522A30066E240 /* Color_Factory.m */; };
		C8EB817E1A9A34D80060F0F2 /* AlternativeContainer.m in Sources */ = {isa = PBXBuildFile; fileRef = C8EB817D1A9A34D80060F0F2 /* AlternativeContainer.m */; };
		C8ECCE1B1AA0CC460026B525 /* BarView.m in Sources */ = {isa = PBXBuildFile; fileRef = C8ECCE1A1AA0CC460026B525 /* BarView.m */; };
/* End PBXBuildFile section */

/* Begin PBXContainerItemProxy section */
		C8413A6E1A988DFB00D69CEE /* PBXContainerItemProxy */ = {
			isa = PBXContainerItemProxy;
			containerPortal = C8413A401A988DFB00D69CEE /* Project object */;
			proxyType = 1;
			remoteGlobalIDString = C8413A471A988DFB00D69CEE;
			remoteInfo = RankThis;
		};
/* End PBXContainerItemProxy section */

/* Begin PBXFileReference section */
		C8205B9C1A9A5A2B00F98E95 /* DragableView.h */ = {isa = PBXFileReference; fileEncoding = 4; lastKnownFileType = sourcecode.c.h; path = DragableView.h; sourceTree = "<group>"; };
		C8205B9D1A9A5A2B00F98E95 /* DargableView.m */ = {isa = PBXFileReference; fileEncoding = 4; lastKnownFileType = sourcecode.c.objc; path = DargableView.m; sourceTree = "<group>"; };
		C8413A481A988DFB00D69CEE /* RankThis.app */ = {isa = PBXFileReference; explicitFileType = wrapper.application; includeInIndex = 0; path = RankThis.app; sourceTree = BUILT_PRODUCTS_DIR; };
		C8413A4B1A988DFB00D69CEE /* Foundation.framework */ = {isa = PBXFileReference; lastKnownFileType = wrapper.framework; name = Foundation.framework; path = System/Library/Frameworks/Foundation.framework; sourceTree = SDKROOT; };
		C8413A4D1A988DFB00D69CEE /* CoreGraphics.framework */ = {isa = PBXFileReference; lastKnownFileType = wrapper.framework; name = CoreGraphics.framework; path = System/Library/Frameworks/CoreGraphics.framework; sourceTree = SDKROOT; };
		C8413A4F1A988DFB00D69CEE /* UIKit.framework */ = {isa = PBXFileReference; lastKnownFileType = wrapper.framework; name = UIKit.framework; path = System/Library/Frameworks/UIKit.framework; sourceTree = SDKROOT; };
		C8413A531A988DFB00D69CEE /* RankThis-Info.plist */ = {isa = PBXFileReference; lastKnownFileType = text.plist.xml; path = "RankThis-Info.plist"; sourceTree = "<group>"; };
		C8413A551A988DFB00D69CEE /* en */ = {isa = PBXFileReference; lastKnownFileType = text.plist.strings; name = en; path = en.lproj/InfoPlist.strings; sourceTree = "<group>"; };
		C8413A571A988DFB00D69CEE /* main.m */ = {isa = PBXFileReference; lastKnownFileType = sourcecode.c.objc; path = main.m; sourceTree = "<group>"; };
		C8413A591A988DFB00D69CEE /* RankThis-Prefix.pch */ = {isa = PBXFileReference; lastKnownFileType = sourcecode.c.h; path = "RankThis-Prefix.pch"; sourceTree = "<group>"; };
		C8413A5A1A988DFB00D69CEE /* RankThisAppDelegate.h */ = {isa = PBXFileReference; lastKnownFileType = sourcecode.c.h; path = RankThisAppDelegate.h; sourceTree = "<group>"; };
		C8413A5B1A988DFB00D69CEE /* RankThisAppDelegate.m */ = {isa = PBXFileReference; lastKnownFileType = sourcecode.c.objc; path = RankThisAppDelegate.m; sourceTree = "<group>"; };
		C8413A5E1A988DFB00D69CEE /* Base */ = {isa = PBXFileReference; lastKnownFileType = file.storyboard; name = Base; path = Base.lproj/Main.storyboard; sourceTree = "<group>"; };
		C8413A601A988DFB00D69CEE /* RankThisViewController.h */ = {isa = PBXFileReference; lastKnownFileType = sourcecode.c.h; path = RankThisViewController.h; sourceTree = "<group>"; };
		C8413A611A988DFB00D69CEE /* RankThisViewController.m */ = {isa = PBXFileReference; lastKnownFileType = sourcecode.c.objc; path = RankThisViewController.m; sourceTree = "<group>"; };
		C8413A631A988DFB00D69CEE /* Images.xcassets */ = {isa = PBXFileReference; lastKnownFileType = folder.assetcatalog; path = Images.xcassets; sourceTree = "<group>"; };
		C8413A691A988DFB00D69CEE /* RankThisTests.xctest */ = {isa = PBXFileReference; explicitFileType = wrapper.cfbundle; includeInIndex = 0; path = RankThisTests.xctest; sourceTree = BUILT_PRODUCTS_DIR; };
		C8413A6A1A988DFB00D69CEE /* XCTest.framework */ = {isa = PBXFileReference; lastKnownFileType = wrapper.framework; name = XCTest.framework; path = Library/Frameworks/XCTest.framework; sourceTree = DEVELOPER_DIR; };
		C8413A721A988DFB00D69CEE /* RankThisTests-Info.plist */ = {isa = PBXFileReference; lastKnownFileType = text.plist.xml; path = "RankThisTests-Info.plist"; sourceTree = "<group>"; };
		C8413A741A988DFB00D69CEE /* en */ = {isa = PBXFileReference; lastKnownFileType = text.plist.strings; name = en; path = en.lproj/InfoPlist.strings; sourceTree = "<group>"; };
		C8413A761A988DFB00D69CEE /* RankThisTests.m */ = {isa = PBXFileReference; lastKnownFileType = sourcecode.c.objc; path = RankThisTests.m; sourceTree = "<group>"; };
		C8413A801A988EB900D69CEE /* BarContainer.h */ = {isa = PBXFileReference; fileEncoding = 4; lastKnownFileType = sourcecode.c.h; path = BarContainer.h; sourceTree = "<group>"; };
		C8413A811A988EB900D69CEE /* BarContainer.m */ = {isa = PBXFileReference; fileEncoding = 4; lastKnownFileType = sourcecode.c.objc; path = BarContainer.m; sourceTree = "<group>"; };
		C84FF76E1A99F6B200F7CE95 /* Alternative.h */ = {isa = PBXFileReference; fileEncoding = 4; lastKnownFileType = sourcecode.c.h; path = Alternative.h; sourceTree = "<group>"; };
		C84FF76F1A99F6B200F7CE95 /* Alternative.m */ = {isa = PBXFileReference; fileEncoding = 4; lastKnownFileType = sourcecode.c.objc; path = Alternative.m; sourceTree = "<group>"; };
		C84FF7711A99F72000F7CE95 /* Question.h */ = {isa = PBXFileReference; fileEncoding = 4; lastKnownFileType = sourcecode.c.h; path = Question.h; sourceTree = "<group>"; };
		C84FF7721A99F72000F7CE95 /* Question.m */ = {isa = PBXFileReference; fileEncoding = 4; lastKnownFileType = sourcecode.c.objc; path = Question.m; sourceTree = "<group>"; };
		C84FF7741A99F7DE00F7CE95 /* QnA_Factory.h */ = {isa = PBXFileReference; fileEncoding = 4; lastKnownFileType = sourcecode.c.h; path = QnA_Factory.h; sourceTree = "<group>"; };
		C84FF7751A99F7DE00F7CE95 /* QnA_Factory.m */ = {isa = PBXFileReference; fileEncoding = 4; lastKnownFileType = sourcecode.c.objc; path = QnA_Factory.m; sourceTree = "<group>"; };
		C8C598001AD522A30066E240 /* Color_Factory.h */ = {isa = PBXFileReference; fileEncoding = 4; lastKnownFileType = sourcecode.c.h; path = Color_Factory.h; sourceTree = "<group>"; };
		C8C598011AD522A30066E240 /* Color_Factory.m */ = {isa = PBXFileReference; fileEncoding = 4; lastKnownFileType = sourcecode.c.objc; path = Color_Factory.m; sourceTree = "<group>"; };
		C8D184471A9B1D7100C3CF5E /* AppSettings.h */ = {isa = PBXFileReference; lastKnownFileType = sourcecode.c.h; path = AppSettings.h; sourceTree = "<group>"; };
		C8EB817C1A9A34D80060F0F2 /* AlternativeContainer.h */ = {isa = PBXFileReference; fileEncoding = 4; lastKnownFileType = sourcecode.c.h; path = AlternativeContainer.h; sourceTree = "<group>"; };
		C8EB817D1A9A34D80060F0F2 /* AlternativeContainer.m */ = {isa = PBXFileReference; fileEncoding = 4; lastKnownFileType = sourcecode.c.objc; path = AlternativeContainer.m; sourceTree = "<group>"; };
		C8ECCE191AA0CC460026B525 /* BarView.h */ = {isa = PBXFileReference; fileEncoding = 4; lastKnownFileType = sourcecode.c.h; path = BarView.h; sourceTree = "<group>"; };
		C8ECCE1A1AA0CC460026B525 /* BarView.m */ = {isa = PBXFileReference; fileEncoding = 4; lastKnownFileType = sourcecode.c.objc; path = BarView.m; sourceTree = "<group>"; };
/* End PBXFileReference section */

/* Begin PBXFrameworksBuildPhase section */
		C8413A451A988DFB00D69CEE /* Frameworks */ = {
			isa = PBXFrameworksBuildPhase;
			buildActionMask = 2147483647;
			files = (
				C8413A4E1A988DFB00D69CEE /* CoreGraphics.framework in Frameworks */,
				C8413A501A988DFB00D69CEE /* UIKit.framework in Frameworks */,
				C8413A4C1A988DFB00D69CEE /* Foundation.framework in Frameworks */,
			);
			runOnlyForDeploymentPostprocessing = 0;
		};
		C8413A661A988DFB00D69CEE /* Frameworks */ = {
			isa = PBXFrameworksBuildPhase;
			buildActionMask = 2147483647;
			files = (
				C8413A6B1A988DFB00D69CEE /* XCTest.framework in Frameworks */,
				C8413A6D1A988DFB00D69CEE /* UIKit.framework in Frameworks */,
				C8413A6C1A988DFB00D69CEE /* Foundation.framework in Frameworks */,
			);
			runOnlyForDeploymentPostprocessing = 0;
		};
/* End PBXFrameworksBuildPhase section */

/* Begin PBXGroup section */
		C8413A3F1A988DFB00D69CEE = {
			isa = PBXGroup;
			children = (
				C8413A511A988DFB00D69CEE /* RankThis */,
				C8413A701A988DFB00D69CEE /* RankThisTests */,
				C8413A4A1A988DFB00D69CEE /* Frameworks */,
				C8413A491A988DFB00D69CEE /* Products */,
			);
			sourceTree = "<group>";
		};
		C8413A491A988DFB00D69CEE /* Products */ = {
			isa = PBXGroup;
			children = (
				C8413A481A988DFB00D69CEE /* RankThis.app */,
				C8413A691A988DFB00D69CEE /* RankThisTests.xctest */,
			);
			name = Products;
			sourceTree = "<group>";
		};
		C8413A4A1A988DFB00D69CEE /* Frameworks */ = {
			isa = PBXGroup;
			children = (
				C8413A4B1A988DFB00D69CEE /* Foundation.framework */,
				C8413A4D1A988DFB00D69CEE /* CoreGraphics.framework */,
				C8413A4F1A988DFB00D69CEE /* UIKit.framework */,
				C8413A6A1A988DFB00D69CEE /* XCTest.framework */,
			);
			name = Frameworks;
			sourceTree = "<group>";
		};
		C8413A511A988DFB00D69CEE /* RankThis */ = {
			isa = PBXGroup;
			children = (
				C8413A5A1A988DFB00D69CEE /* RankThisAppDelegate.h */,
				C8413A5B1A988DFB00D69CEE /* RankThisAppDelegate.m */,
				C8413A5D1A988DFB00D69CEE /* Main.storyboard */,
				C84FF76D1A99F61B00F7CE95 /* Models */,
				C84FF76C1A99E73100F7CE95 /* ViewControllers */,
				C8413A831A988EC000D69CEE /* Views */,
				C8413A631A988DFB00D69CEE /* Images.xcassets */,
				C8413A521A988DFB00D69CEE /* Supporting Files */,
				C8D184471A9B1D7100C3CF5E /* AppSettings.h */,
			);
			path = RankThis;
			sourceTree = "<group>";
		};
		C8413A521A988DFB00D69CEE /* Supporting Files */ = {
			isa = PBXGroup;
			children = (
				C8413A531A988DFB00D69CEE /* RankThis-Info.plist */,
				C8413A541A988DFB00D69CEE /* InfoPlist.strings */,
				C8413A571A988DFB00D69CEE /* main.m */,
				C8413A591A988DFB00D69CEE /* RankThis-Prefix.pch */,
			);
			name = "Supporting Files";
			sourceTree = "<group>";
		};
		C8413A701A988DFB00D69CEE /* RankThisTests */ = {
			isa = PBXGroup;
			children = (
				C8413A761A988DFB00D69CEE /* RankThisTests.m */,
				C8413A711A988DFB00D69CEE /* Supporting Files */,
			);
			path = RankThisTests;
			sourceTree = "<group>";
		};
		C8413A711A988DFB00D69CEE /* Supporting Files */ = {
			isa = PBXGroup;
			children = (
				C8413A721A988DFB00D69CEE /* RankThisTests-Info.plist */,
				C8413A731A988DFB00D69CEE /* InfoPlist.strings */,
			);
			name = "Supporting Files";
			sourceTree = "<group>";
		};
		C8413A831A988EC000D69CEE /* Views */ = {
			isa = PBXGroup;
			children = (
				C8205B9C1A9A5A2B00F98E95 /* DragableView.h */,
				C8205B9D1A9A5A2B00F98E95 /* DargableView.m */,
				C8413A801A988EB900D69CEE /* BarContainer.h */,
				C8413A811A988EB900D69CEE /* BarContainer.m */,
				C8ECCE191AA0CC460026B525 /* BarView.h */,
				C8ECCE1A1AA0CC460026B525 /* BarView.m */,
				C8EB817C1A9A34D80060F0F2 /* AlternativeContainer.h */,
				C8EB817D1A9A34D80060F0F2 /* AlternativeContainer.m */,
			);
			name = Views;
			sourceTree = "<group>";
		};
		C84FF76C1A99E73100F7CE95 /* ViewControllers */ = {
			isa = PBXGroup;
			children = (
				C8413A601A988DFB00D69CEE /* RankThisViewController.h */,
				C8413A611A988DFB00D69CEE /* RankThisViewController.m */,
			);
			name = ViewControllers;
			sourceTree = "<group>";
		};
		C84FF76D1A99F61B00F7CE95 /* Models */ = {
			isa = PBXGroup;
			children = (
				C84FF7711A99F72000F7CE95 /* Question.h */,
				C84FF7721A99F72000F7CE95 /* Question.m */,
				C84FF76E1A99F6B200F7CE95 /* Alternative.h */,
				C84FF76F1A99F6B200F7CE95 /* Alternative.m */,
				C84FF7741A99F7DE00F7CE95 /* QnA_Factory.h */,
				C8C598001AD522A30066E240 /* Color_Factory.h */,
				C8C598011AD522A30066E240 /* Color_Factory.m */,
				C84FF7751A99F7DE00F7CE95 /* QnA_Factory.m */,
			);
			name = Models;
			sourceTree = "<group>";
		};
/* End PBXGroup section */

/* Begin PBXNativeTarget section */
		C8413A471A988DFB00D69CEE /* RankThis */ = {
			isa = PBXNativeTarget;
			buildConfigurationList = C8413A7A1A988DFB00D69CEE /* Build configuration list for PBXNativeTarget "RankThis" */;
			buildPhases = (
				C8413A441A988DFB00D69CEE /* Sources */,
				C8413A451A988DFB00D69CEE /* Frameworks */,
				C8413A461A988DFB00D69CEE /* Resources */,
			);
			buildRules = (
			);
			dependencies = (
			);
			name = RankThis;
			productName = RankThis;
			productReference = C8413A481A988DFB00D69CEE /* RankThis.app */;
			productType = "com.apple.product-type.application";
		};
		C8413A681A988DFB00D69CEE /* RankThisTests */ = {
			isa = PBXNativeTarget;
			buildConfigurationList = C8413A7D1A988DFB00D69CEE /* Build configuration list for PBXNativeTarget "RankThisTests" */;
			buildPhases = (
				C8413A651A988DFB00D69CEE /* Sources */,
				C8413A661A988DFB00D69CEE /* Frameworks */,
				C8413A671A988DFB00D69CEE /* Resources */,
			);
			buildRules = (
			);
			dependencies = (
				C8413A6F1A988DFB00D69CEE /* PBXTargetDependency */,
			);
			name = RankThisTests;
			productName = RankThisTests;
			productReference = C8413A691A988DFB00D69CEE /* RankThisTests.xctest */;
			productType = "com.apple.product-type.bundle.unit-test";
		};
/* End PBXNativeTarget section */

/* Begin PBXProject section */
		C8413A401A988DFB00D69CEE /* Project object */ = {
			isa = PBXProject;
			attributes = {
				CLASSPREFIX = RankThis;
				LastUpgradeCheck = 0510;
				ORGANIZATIONNAME = "Julius Larsson";
				TargetAttributes = {
					C8413A681A988DFB00D69CEE = {
						TestTargetID = C8413A471A988DFB00D69CEE;
					};
				};
			};
			buildConfigurationList = C8413A431A988DFB00D69CEE /* Build configuration list for PBXProject "RankThis" */;
			compatibilityVersion = "Xcode 3.2";
			developmentRegion = English;
			hasScannedForEncodings = 0;
			knownRegions = (
				en,
				Base,
			);
			mainGroup = C8413A3F1A988DFB00D69CEE;
			productRefGroup = C8413A491A988DFB00D69CEE /* Products */;
			projectDirPath = "";
			projectRoot = "";
			targets = (
				C8413A471A988DFB00D69CEE /* RankThis */,
				C8413A681A988DFB00D69CEE /* RankThisTests */,
			);
		};
/* End PBXProject section */

/* Begin PBXResourcesBuildPhase section */
		C8413A461A988DFB00D69CEE /* Resources */ = {
			isa = PBXResourcesBuildPhase;
			buildActionMask = 2147483647;
			files = (
				C8413A641A988DFB00D69CEE /* Images.xcassets in Resources */,
				C8413A561A988DFB00D69CEE /* InfoPlist.strings in Resources */,
				C8413A5F1A988DFB00D69CEE /* Main.storyboard in Resources */,
			);
			runOnlyForDeploymentPostprocessing = 0;
		};
		C8413A671A988DFB00D69CEE /* Resources */ = {
			isa = PBXResourcesBuildPhase;
			buildActionMask = 2147483647;
			files = (
				C8413A751A988DFB00D69CEE /* InfoPlist.strings in Resources */,
			);
			runOnlyForDeploymentPostprocessing = 0;
		};
/* End PBXResourcesBuildPhase section */

/* Begin PBXSourcesBuildPhase section */
		C8413A441A988DFB00D69CEE /* Sources */ = {
			isa = PBXSourcesBuildPhase;
			buildActionMask = 2147483647;
			files = (
				C8205B9E1A9A5A2B00F98E95 /* DargableView.m in Sources */,
				C8413A5C1A988DFB00D69CEE /* RankThisAppDelegate.m in Sources */,
				C84FF7701A99F6B200F7CE95 /* Alternative.m in Sources */,
				C8413A821A988EB900D69CEE /* BarContainer.m in Sources */,
				C8ECCE1B1AA0CC460026B525 /* BarView.m in Sources */,
				C8EB817E1A9A34D80060F0F2 /* AlternativeContainer.m in Sources */,
				C84FF7731A99F72000F7CE95 /* Question.m in Sources */,
				C8413A621A988DFB00D69CEE /* RankThisViewController.m in Sources */,
				C84FF7761A99F7DE00F7CE95 /* QnA_Factory.m in Sources */,
				C8C598021AD522A30066E240 /* Color_Factory.m in Sources */,
				C8413A581A988DFB00D69CEE /* main.m in Sources */,
			);
			runOnlyForDeploymentPostprocessing = 0;
		};
		C8413A651A988DFB00D69CEE /* Sources */ = {
			isa = PBXSourcesBuildPhase;
			buildActionMask = 2147483647;
			files = (
				C8413A771A988DFB00D69CEE /* RankThisTests.m in Sources */,
			);
			runOnlyForDeploymentPostprocessing = 0;
		};
/* End PBXSourcesBuildPhase section */

/* Begin PBXTargetDependency section */
		C8413A6F1A988DFB00D69CEE /* PBXTargetDependency */ = {
			isa = PBXTargetDependency;
			target = C8413A471A988DFB00D69CEE /* RankThis */;
			targetProxy = C8413A6E1A988DFB00D69CEE /* PBXContainerItemProxy */;
		};
/* End PBXTargetDependency section */

/* Begin PBXVariantGroup section */
		C8413A541A988DFB00D69CEE /* InfoPlist.strings */ = {
			isa = PBXVariantGroup;
			children = (
				C8413A551A988DFB00D69CEE /* en */,
			);
			name = InfoPlist.strings;
			sourceTree = "<group>";
		};
		C8413A5D1A988DFB00D69CEE /* Main.storyboard */ = {
			isa = PBXVariantGroup;
			children = (
				C8413A5E1A988DFB00D69CEE /* Base */,
			);
			name = Main.storyboard;
			sourceTree = "<group>";
		};
		C8413A731A988DFB00D69CEE /* InfoPlist.strings */ = {
			isa = PBXVariantGroup;
			children = (
				C8413A741A988DFB00D69CEE /* en */,
			);
			name = InfoPlist.strings;
			sourceTree = "<group>";
		};
/* End PBXVariantGroup section */

/* Begin XCBuildConfiguration section */
		C8413A781A988DFB00D69CEE /* Debug */ = {
			isa = XCBuildConfiguration;
			buildSettings = {
				ALWAYS_SEARCH_USER_PATHS = NO;
				CLANG_CXX_LANGUAGE_STANDARD = "gnu++0x";
				CLANG_CXX_LIBRARY = "libc++";
				CLANG_ENABLE_MODULES = YES;
				CLANG_ENABLE_OBJC_ARC = YES;
				CLANG_WARN_BOOL_CONVERSION = YES;
				CLANG_WARN_CONSTANT_CONVERSION = YES;
				CLANG_WARN_DIRECT_OBJC_ISA_USAGE = YES_ERROR;
				CLANG_WARN_EMPTY_BODY = YES;
				CLANG_WARN_ENUM_CONVERSION = YES;
				CLANG_WARN_INT_CONVERSION = YES;
				CLANG_WARN_OBJC_ROOT_CLASS = YES_ERROR;
				CLANG_WARN__DUPLICATE_METHOD_MATCH = YES;
				"CODE_SIGN_IDENTITY[sdk=iphoneos*]" = "iPhone Developer";
				COPY_PHASE_STRIP = NO;
				GCC_C_LANGUAGE_STANDARD = gnu99;
				GCC_DYNAMIC_NO_PIC = NO;
				GCC_OPTIMIZATION_LEVEL = 0;
				GCC_PREPROCESSOR_DEFINITIONS = (
					"DEBUG=1",
					"$(inherited)",
				);
				GCC_SYMBOLS_PRIVATE_EXTERN = NO;
				GCC_WARN_64_TO_32_BIT_CONVERSION = YES;
				GCC_WARN_ABOUT_RETURN_TYPE = YES_ERROR;
				GCC_WARN_UNDECLARED_SELECTOR = YES;
				GCC_WARN_UNINITIALIZED_AUTOS = YES_AGGRESSIVE;
				GCC_WARN_UNUSED_FUNCTION = YES;
				GCC_WARN_UNUSED_VARIABLE = YES;
				IPHONEOS_DEPLOYMENT_TARGET = 7.1;
				ONLY_ACTIVE_ARCH = YES;
				SDKROOT = iphoneos;
			};
			name = Debug;
		};
		C8413A791A988DFB00D69CEE /* Release */ = {
			isa = XCBuildConfiguration;
			buildSettings = {
				ALWAYS_SEARCH_USER_PATHS = NO;
				CLANG_CXX_LANGUAGE_STANDARD = "gnu++0x";
				CLANG_CXX_LIBRARY = "libc++";
				CLANG_ENABLE_MODULES = YES;
				CLANG_ENABLE_OBJC_ARC = YES;
				CLANG_WARN_BOOL_CONVERSION = YES;
				CLANG_WARN_CONSTANT_CONVERSION = YES;
				CLANG_WARN_DIRECT_OBJC_ISA_USAGE = YES_ERROR;
				CLANG_WARN_EMPTY_BODY = YES;
				CLANG_WARN_ENUM_CONVERSION = YES;
				CLANG_WARN_INT_CONVERSION = YES;
				CLANG_WARN_OBJC_ROOT_CLASS = YES_ERROR;
				CLANG_WARN__DUPLICATE_METHOD_MATCH = YES;
				"CODE_SIGN_IDENTITY[sdk=iphoneos*]" = "iPhone Developer";
				COPY_PHASE_STRIP = YES;
				ENABLE_NS_ASSERTIONS = NO;
				GCC_C_LANGUAGE_STANDARD = gnu99;
				GCC_WARN_64_TO_32_BIT_CONVERSION = YES;
				GCC_WARN_ABOUT_RETURN_TYPE = YES_ERROR;
				GCC_WARN_UNDECLARED_SELECTOR = YES;
				GCC_WARN_UNINITIALIZED_AUTOS = YES_AGGRESSIVE;
				GCC_WARN_UNUSED_FUNCTION = YES;
				GCC_WARN_UNUSED_VARIABLE = YES;
				IPHONEOS_DEPLOYMENT_TARGET = 7.1;
				SDKROOT = iphoneos;
				VALIDATE_PRODUCT = YES;
			};
			name = Release;
		};
		C8413A7B1A988DFB00D69CEE /* Debug */ = {
			isa = XCBuildConfiguration;
			buildSettings = {
				ASSETCATALOG_COMPILER_APPICON_NAME = AppIcon;
				ASSETCATALOG_COMPILER_LAUNCHIMAGE_NAME = LaunchImage;
				GCC_PRECOMPILE_PREFIX_HEADER = YES;
				GCC_PREFIX_HEADER = "RankThis/RankThis-Prefix.pch";
				INFOPLIST_FILE = "RankThis/RankThis-Info.plist";
				PRODUCT_NAME = "$(TARGET_NAME)";
				WRAPPER_EXTENSION = app;
			};
			name = Debug;
		};
		C8413A7C1A988DFB00D69CEE /* Release */ = {
			isa = XCBuildConfiguration;
			buildSettings = {
				ASSETCATALOG_COMPILER_APPICON_NAME = AppIcon;
				ASSETCATALOG_COMPILER_LAUNCHIMAGE_NAME = LaunchImage;
				GCC_PRECOMPILE_PREFIX_HEADER = YES;
				GCC_PREFIX_HEADER = "RankThis/RankThis-Prefix.pch";
				INFOPLIST_FILE = "RankThis/RankThis-Info.plist";
				PRODUCT_NAME = "$(TARGET_NAME)";
				WRAPPER_EXTENSION = app;
			};
			name = Release;
		};
		C8413A7E1A988DFB00D69CEE /* Debug */ = {
			isa = XCBuildConfiguration;
			buildSettings = {
				BUNDLE_LOADER = "$(BUILT_PRODUCTS_DIR)/RankThis.app/RankThis";
				FRAMEWORK_SEARCH_PATHS = (
					"$(SDKROOT)/Developer/Library/Frameworks",
					"$(inherited)",
					"$(DEVELOPER_FRAMEWORKS_DIR)",
				);
				GCC_PRECOMPILE_PREFIX_HEADER = YES;
				GCC_PREFIX_HEADER = "RankThis/RankThis-Prefix.pch";
				GCC_PREPROCESSOR_DEFINITIONS = (
					"DEBUG=1",
					"$(inherited)",
				);
				INFOPLIST_FILE = "RankThisTests/RankThisTests-Info.plist";
				PRODUCT_NAME = "$(TARGET_NAME)";
				TEST_HOST = "$(BUNDLE_LOADER)";
				WRAPPER_EXTENSION = xctest;
			};
			name = Debug;
		};
		C8413A7F1A988DFB00D69CEE /* Release */ = {
			isa = XCBuildConfiguration;
			buildSettings = {
				BUNDLE_LOADER = "$(BUILT_PRODUCTS_DIR)/RankThis.app/RankThis";
				FRAMEWORK_SEARCH_PATHS = (
					"$(SDKROOT)/Developer/Library/Frameworks",
					"$(inherited)",
					"$(DEVELOPER_FRAMEWORKS_DIR)",
				);
				GCC_PRECOMPILE_PREFIX_HEADER = YES;
				GCC_PREFIX_HEADER = "RankThis/RankThis-Prefix.pch";
				INFOPLIST_FILE = "RankThisTests/RankThisTests-Info.plist";
				PRODUCT_NAME = "$(TARGET_NAME)";
				TEST_HOST = "$(BUNDLE_LOADER)";
				WRAPPER_EXTENSION = xctest;
			};
			name = Release;
		};
/* End XCBuildConfiguration section */

/* Begin XCConfigurationList section */
		C8413A431A988DFB00D69CEE /* Build configuration list for PBXProject "RankThis" */ = {
			isa = XCConfigurationList;
			buildConfigurations = (
				C8413A781A988DFB00D69CEE /* Debug */,
				C8413A791A988DFB00D69CEE /* Release */,
			);
			defaultConfigurationIsVisible = 0;
			defaultConfigurationName = Release;
		};
		C8413A7A1A988DFB00D69CEE /* Build configuration list for PBXNativeTarget "RankThis" */ = {
			isa = XCConfigurationList;
			buildConfigurations = (
				C8413A7B1A988DFB00D69CEE /* Debug */,
				C8413A7C1A988DFB00D69CEE /* Release */,
			);
			defaultConfigurationIsVisible = 0;
			defaultConfigurationName = Release;
		};
		C8413A7D1A988DFB00D69CEE /* Build configuration list for PBXNativeTarget "RankThisTests" */ = {
			isa = XCConfigurationList;
			buildConfigurations = (
				C8413A7E1A988DFB00D69CEE /* Debug */,
				C8413A7F1A988DFB00D69CEE /* Release */,
			);
			defaultConfigurationIsVisible = 0;
			defaultConfigurationName = Release;
		};
/* End XCConfigurationList section */
	};
	rootObject = C8413A401A988DFB00D69CEE /* Project object */;
}
